
Microsoft Visual Studio Solution File, Format Version 12.00
# Visual Studio 15
VisualStudioVersion = 15.0.28010.2036
MinimumVisualStudioVersion = 10.0.40219.1
Project("{FAE04EC0-301F-11D3-BF4B-00C04F79EFBC}") = "Drill-Pg-124", "Drill-Pg-124\Drill-Pg-124.csproj", "{CFEE5C87-9DE6-4C18-93B7-991100C28A8B}"
EndProject
Global
	GlobalSection(SolutionConfigurationPlatforms) = preSolution
		Debug|Any CPU = Debug|Any CPU
		Release|Any CPU = Release|Any CPU
	EndGlobalSection
	GlobalSection(ProjectConfigurationPlatforms) = postSolution
		{CFEE5C87-9DE6-4C18-93B7-991100C28A8B}.Debug|Any CPU.ActiveCfg = Debug|Any CPU
		{CFEE5C87-9DE6-4C18-93B7-991100C28A8B}.Debug|Any CPU.Build.0 = Debug|Any CPU
		{CFEE5C87-9DE6-4C18-93B7-991100C28A8B}.Release|Any CPU.ActiveCfg = Release|Any CPU
		{CFEE5C87-9DE6-4C18-93B7-991100C28A8B}.Release|Any CPU.Build.0 = Release|Any CPU
	EndGlobalSection
	GlobalSection(SolutionProperties) = preSolution
		HideSolutionNode = FALSE
	EndGlobalSection
	GlobalSection(ExtensibilityGlobals) = postSolution
		SolutionGuid = {1C95BE56-6B64-40AC-B6B4-B2636C5C7A9F}
	EndGlobalSection
EndGlobal
