
Microsoft Visual Studio Solution File, Format Version 12.00
# Visual Studio 15
VisualStudioVersion = 15.0.28010.2036
MinimumVisualStudioVersion = 10.0.40219.1
Project("{FAE04EC0-301F-11D3-BF4B-00C04F79EFBC}") = "Drill-Page-154-Log", "Drill-Page-154-Log\Drill-Page-154-Log.csproj", "{EAC86CCD-41FD-4760-A6D0-1F04FF95D36E}"
EndProject
Global
	GlobalSection(SolutionConfigurationPlatforms) = preSolution
		Debug|Any CPU = Debug|Any CPU
		Release|Any CPU = Release|Any CPU
	EndGlobalSection
	GlobalSection(ProjectConfigurationPlatforms) = postSolution
		{EAC86CCD-41FD-4760-A6D0-1F04FF95D36E}.Debug|Any CPU.ActiveCfg = Debug|Any CPU
		{EAC86CCD-41FD-4760-A6D0-1F04FF95D36E}.Debug|Any CPU.Build.0 = Debug|Any CPU
		{EAC86CCD-41FD-4760-A6D0-1F04FF95D36E}.Release|Any CPU.ActiveCfg = Release|Any CPU
		{EAC86CCD-41FD-4760-A6D0-1F04FF95D36E}.Release|Any CPU.Build.0 = Release|Any CPU
	EndGlobalSection
	GlobalSection(SolutionProperties) = preSolution
		HideSolutionNode = FALSE
	EndGlobalSection
	GlobalSection(ExtensibilityGlobals) = postSolution
		SolutionGuid = {DC4C7D6A-539E-4338-8244-C6FE945723BC}
	EndGlobalSection
EndGlobal
