
Microsoft Visual Studio Solution File, Format Version 12.00
# Visual Studio 15
VisualStudioVersion = 15.0.28010.2036
MinimumVisualStudioVersion = 10.0.40219.1
Project("{FAE04EC0-301F-11D3-BF4B-00C04F79EFBC}") = "LoopsDrill", "LoopsDrill\LoopsDrill.csproj", "{A78ECCCE-0636-406E-B547-FBC7AD0947F1}"
EndProject
Global
	GlobalSection(SolutionConfigurationPlatforms) = preSolution
		Debug|Any CPU = Debug|Any CPU
		Release|Any CPU = Release|Any CPU
	EndGlobalSection
	GlobalSection(ProjectConfigurationPlatforms) = postSolution
		{A78ECCCE-0636-406E-B547-FBC7AD0947F1}.Debug|Any CPU.ActiveCfg = Debug|Any CPU
		{A78ECCCE-0636-406E-B547-FBC7AD0947F1}.Debug|Any CPU.Build.0 = Debug|Any CPU
		{A78ECCCE-0636-406E-B547-FBC7AD0947F1}.Release|Any CPU.ActiveCfg = Release|Any CPU
		{A78ECCCE-0636-406E-B547-FBC7AD0947F1}.Release|Any CPU.Build.0 = Release|Any CPU
	EndGlobalSection
	GlobalSection(SolutionProperties) = preSolution
		HideSolutionNode = FALSE
	EndGlobalSection
	GlobalSection(ExtensibilityGlobals) = postSolution
		SolutionGuid = {50316B21-F3EB-4990-A553-7A21595F1BD2}
	EndGlobalSection
EndGlobal
