
Microsoft Visual Studio Solution File, Format Version 12.00
# Visual Studio 15
VisualStudioVersion = 15.0.28010.2036
MinimumVisualStudioVersion = 10.0.40219.1
Project("{FAE04EC0-301F-11D3-BF4B-00C04F79EFBC}") = "Drill-Page-137-Struct", "Drill-Page-137-Struct\Drill-Page-137-Struct.csproj", "{A506D4F3-1AAB-460E-B120-67298AB92EB6}"
EndProject
Global
	GlobalSection(SolutionConfigurationPlatforms) = preSolution
		Debug|Any CPU = Debug|Any CPU
		Release|Any CPU = Release|Any CPU
	EndGlobalSection
	GlobalSection(ProjectConfigurationPlatforms) = postSolution
		{A506D4F3-1AAB-460E-B120-67298AB92EB6}.Debug|Any CPU.ActiveCfg = Debug|Any CPU
		{A506D4F3-1AAB-460E-B120-67298AB92EB6}.Debug|Any CPU.Build.0 = Debug|Any CPU
		{A506D4F3-1AAB-460E-B120-67298AB92EB6}.Release|Any CPU.ActiveCfg = Release|Any CPU
		{A506D4F3-1AAB-460E-B120-67298AB92EB6}.Release|Any CPU.Build.0 = Release|Any CPU
	EndGlobalSection
	GlobalSection(SolutionProperties) = preSolution
		HideSolutionNode = FALSE
	EndGlobalSection
	GlobalSection(ExtensibilityGlobals) = postSolution
		SolutionGuid = {6E49ACB4-B496-4F61-92D9-3637358EF9A9}
	EndGlobalSection
EndGlobal
