
Microsoft Visual Studio Solution File, Format Version 12.00
# Visual Studio 15
VisualStudioVersion = 15.0.28010.2036
MinimumVisualStudioVersion = 10.0.40219.1
Project("{FAE04EC0-301F-11D3-BF4B-00C04F79EFBC}") = "MethodDrill5", "MethodDrill5\MethodDrill5.csproj", "{2B8593BC-DD8F-4FCA-B2E2-009B1F507DF4}"
EndProject
Global
	GlobalSection(SolutionConfigurationPlatforms) = preSolution
		Debug|Any CPU = Debug|Any CPU
		Release|Any CPU = Release|Any CPU
	EndGlobalSection
	GlobalSection(ProjectConfigurationPlatforms) = postSolution
		{2B8593BC-DD8F-4FCA-B2E2-009B1F507DF4}.Debug|Any CPU.ActiveCfg = Debug|Any CPU
		{2B8593BC-DD8F-4FCA-B2E2-009B1F507DF4}.Debug|Any CPU.Build.0 = Debug|Any CPU
		{2B8593BC-DD8F-4FCA-B2E2-009B1F507DF4}.Release|Any CPU.ActiveCfg = Release|Any CPU
		{2B8593BC-DD8F-4FCA-B2E2-009B1F507DF4}.Release|Any CPU.Build.0 = Release|Any CPU
	EndGlobalSection
	GlobalSection(SolutionProperties) = preSolution
		HideSolutionNode = FALSE
	EndGlobalSection
	GlobalSection(ExtensibilityGlobals) = postSolution
		SolutionGuid = {D1C52681-37EE-4938-90B5-BB2E9E5069FB}
	EndGlobalSection
EndGlobal
